
Microsoft Visual Studio Solution File, Format Version 12.00
Project("{2150E333-8FDC-42A3-9474-1A3956D46DE8}") = "deployable", "deployable", "{EFF97FA5-3C20-4631-B5D2-5BFF11C62D47}"
EndProject
Project("{2150E333-8FDC-42A3-9474-1A3956D46DE8}") = "library", "library", "{0188CDF9-1A3E-4812-B7DA-7E349587D696}"
EndProject
Project("{2150E333-8FDC-42A3-9474-1A3956D46DE8}") = "test", "test", "{B83A8F7D-99AB-420B-A14C-F86265E78C23}"
EndProject
Project("{2150E333-8FDC-42A3-9474-1A3956D46DE8}") = "shared", "shared", "{7DE52966-C7DD-4AD8-9260-E2EC705C7E78}"
EndProject
Project("{FAE04EC0-301F-11D3-BF4B-00C04F79EFBC}") = "AuthService", "deployable\AuthService\AuthService.csproj", "{ED48652A-DA07-4F71-BE00-09FD8FB89D13}"
EndProject
Project("{FAE04EC0-301F-11D3-BF4B-00C04F79EFBC}") = "Gateway", "deployable\Gateway\Gateway.csproj", "{8BE86C27-A45A-4B9C-9C60-C816E4FBC4F9}"
EndProject
Project("{2150E333-8FDC-42A3-9474-1A3956D46DE8}") = "root", "root", "{201D7479-786E-4CBB-BCDC-3F667CDBF108}"
	ProjectSection(SolutionItems) = preProject
		docker-compose.yml = docker-compose.yml
	EndProjectSection
EndProject
Global
	GlobalSection(SolutionConfigurationPlatforms) = preSolution
		Debug|Any CPU = Debug|Any CPU
		Release|Any CPU = Release|Any CPU
	EndGlobalSection
	GlobalSection(NestedProjects) = preSolution
		{ED48652A-DA07-4F71-BE00-09FD8FB89D13} = {EFF97FA5-3C20-4631-B5D2-5BFF11C62D47}
		{8BE86C27-A45A-4B9C-9C60-C816E4FBC4F9} = {EFF97FA5-3C20-4631-B5D2-5BFF11C62D47}
	EndGlobalSection
	GlobalSection(ProjectConfigurationPlatforms) = postSolution
		{ED48652A-DA07-4F71-BE00-09FD8FB89D13}.Debug|Any CPU.ActiveCfg = Debug|Any CPU
		{ED48652A-DA07-4F71-BE00-09FD8FB89D13}.Debug|Any CPU.Build.0 = Debug|Any CPU
		{ED48652A-DA07-4F71-BE00-09FD8FB89D13}.Release|Any CPU.ActiveCfg = Release|Any CPU
		{ED48652A-DA07-4F71-BE00-09FD8FB89D13}.Release|Any CPU.Build.0 = Release|Any CPU
		{8BE86C27-A45A-4B9C-9C60-C816E4FBC4F9}.Debug|Any CPU.ActiveCfg = Debug|Any CPU
		{8BE86C27-A45A-4B9C-9C60-C816E4FBC4F9}.Debug|Any CPU.Build.0 = Debug|Any CPU
		{8BE86C27-A45A-4B9C-9C60-C816E4FBC4F9}.Release|Any CPU.ActiveCfg = Release|Any CPU
		{8BE86C27-A45A-4B9C-9C60-C816E4FBC4F9}.Release|Any CPU.Build.0 = Release|Any CPU
	EndGlobalSection
EndGlobal
